
Microsoft Visual Studio Solution File, Format Version 12.00
# Visual Studio Version 17
VisualStudioVersion = 17.9.34728.123
MinimumVisualStudioVersion = 10.0.40219.1
Project("{9A19103F-16F7-4668-BE54-9A1E7A4F7556}") = "AndresVehicles", "AndresVehicles\AndresVehicles.csproj", "{DF6AD3F5-7768-4F41-B157-D7B48E41BF16}"
EndProject
Project("{9A19103F-16F7-4668-BE54-9A1E7A4F7556}") = "Models", "Models\Models.csproj", "{41A8B0A4-D6BC-41BC-8E01-D8EEC58CB8C8}"
EndProject
Project("{9A19103F-16F7-4668-BE54-9A1E7A4F7556}") = "Controller", "Controller\Controller.csproj", "{56B0EEE0-B57A-48F2-9BB8-579AC2C193F5}"
EndProject
Project("{9A19103F-16F7-4668-BE54-9A1E7A4F7556}") = "Service", "Service\Service.csproj", "{EB707F57-0243-4D88-943A-0AB0C7D67E5B}"
EndProject
Project("{9A19103F-16F7-4668-BE54-9A1E7A4F7556}") = "Repository", "Repository\Repository.csproj", "{64E50EA1-7F26-40CC-89EB-BCDD6BBAAF22}"
EndProject
Project("{9A19103F-16F7-4668-BE54-9A1E7A4F7556}") = "Generator", "Generator\Generator.csproj", "{84A6D332-47A5-4229-8AE0-AE68A269C6A8}"
EndProject
Project("{9A19103F-16F7-4668-BE54-9A1E7A4F7556}") = "Injection", "Injection\Injection.csproj", "{F872A3F0-5932-4F6D-B840-B7FF27A588D5}"
EndProject
Project("{FAE04EC0-301F-11D3-BF4B-00C04F79EFBC}") = "ProjAPICar", "ProjAPICar\ProjAPICar.csproj", "{509FBAE2-61D4-4F79-806A-0508E2CE2E0B}"
EndProject
Global
	GlobalSection(SolutionConfigurationPlatforms) = preSolution
		Debug|Any CPU = Debug|Any CPU
		Release|Any CPU = Release|Any CPU
	EndGlobalSection
	GlobalSection(ProjectConfigurationPlatforms) = postSolution
		{DF6AD3F5-7768-4F41-B157-D7B48E41BF16}.Debug|Any CPU.ActiveCfg = Debug|Any CPU
		{DF6AD3F5-7768-4F41-B157-D7B48E41BF16}.Debug|Any CPU.Build.0 = Debug|Any CPU
		{DF6AD3F5-7768-4F41-B157-D7B48E41BF16}.Release|Any CPU.ActiveCfg = Release|Any CPU
		{DF6AD3F5-7768-4F41-B157-D7B48E41BF16}.Release|Any CPU.Build.0 = Release|Any CPU
		{41A8B0A4-D6BC-41BC-8E01-D8EEC58CB8C8}.Debug|Any CPU.ActiveCfg = Debug|Any CPU
		{41A8B0A4-D6BC-41BC-8E01-D8EEC58CB8C8}.Debug|Any CPU.Build.0 = Debug|Any CPU
		{41A8B0A4-D6BC-41BC-8E01-D8EEC58CB8C8}.Release|Any CPU.ActiveCfg = Release|Any CPU
		{41A8B0A4-D6BC-41BC-8E01-D8EEC58CB8C8}.Release|Any CPU.Build.0 = Release|Any CPU
		{56B0EEE0-B57A-48F2-9BB8-579AC2C193F5}.Debug|Any CPU.ActiveCfg = Debug|Any CPU
		{56B0EEE0-B57A-48F2-9BB8-579AC2C193F5}.Debug|Any CPU.Build.0 = Debug|Any CPU
		{56B0EEE0-B57A-48F2-9BB8-579AC2C193F5}.Release|Any CPU.ActiveCfg = Release|Any CPU
		{56B0EEE0-B57A-48F2-9BB8-579AC2C193F5}.Release|Any CPU.Build.0 = Release|Any CPU
		{EB707F57-0243-4D88-943A-0AB0C7D67E5B}.Debug|Any CPU.ActiveCfg = Debug|Any CPU
		{EB707F57-0243-4D88-943A-0AB0C7D67E5B}.Debug|Any CPU.Build.0 = Debug|Any CPU
		{EB707F57-0243-4D88-943A-0AB0C7D67E5B}.Release|Any CPU.ActiveCfg = Release|Any CPU
		{EB707F57-0243-4D88-943A-0AB0C7D67E5B}.Release|Any CPU.Build.0 = Release|Any CPU
		{64E50EA1-7F26-40CC-89EB-BCDD6BBAAF22}.Debug|Any CPU.ActiveCfg = Debug|Any CPU
		{64E50EA1-7F26-40CC-89EB-BCDD6BBAAF22}.Debug|Any CPU.Build.0 = Debug|Any CPU
		{64E50EA1-7F26-40CC-89EB-BCDD6BBAAF22}.Release|Any CPU.ActiveCfg = Release|Any CPU
		{64E50EA1-7F26-40CC-89EB-BCDD6BBAAF22}.Release|Any CPU.Build.0 = Release|Any CPU
		{84A6D332-47A5-4229-8AE0-AE68A269C6A8}.Debug|Any CPU.ActiveCfg = Debug|Any CPU
		{84A6D332-47A5-4229-8AE0-AE68A269C6A8}.Debug|Any CPU.Build.0 = Debug|Any CPU
		{84A6D332-47A5-4229-8AE0-AE68A269C6A8}.Release|Any CPU.ActiveCfg = Release|Any CPU
		{84A6D332-47A5-4229-8AE0-AE68A269C6A8}.Release|Any CPU.Build.0 = Release|Any CPU
		{F872A3F0-5932-4F6D-B840-B7FF27A588D5}.Debug|Any CPU.ActiveCfg = Debug|Any CPU
		{F872A3F0-5932-4F6D-B840-B7FF27A588D5}.Debug|Any CPU.Build.0 = Debug|Any CPU
		{F872A3F0-5932-4F6D-B840-B7FF27A588D5}.Release|Any CPU.ActiveCfg = Release|Any CPU
		{F872A3F0-5932-4F6D-B840-B7FF27A588D5}.Release|Any CPU.Build.0 = Release|Any CPU
		{509FBAE2-61D4-4F79-806A-0508E2CE2E0B}.Debug|Any CPU.ActiveCfg = Debug|Any CPU
		{509FBAE2-61D4-4F79-806A-0508E2CE2E0B}.Debug|Any CPU.Build.0 = Debug|Any CPU
		{509FBAE2-61D4-4F79-806A-0508E2CE2E0B}.Release|Any CPU.ActiveCfg = Release|Any CPU
		{509FBAE2-61D4-4F79-806A-0508E2CE2E0B}.Release|Any CPU.Build.0 = Release|Any CPU
	EndGlobalSection
	GlobalSection(SolutionProperties) = preSolution
		HideSolutionNode = FALSE
	EndGlobalSection
	GlobalSection(ExtensibilityGlobals) = postSolution
		SolutionGuid = {A3EC39CD-CAEE-4470-B111-CF4E2C819C8C}
	EndGlobalSection
EndGlobal
